
Microsoft Visual Studio Solution File, Format Version 12.00
# Visual Studio Version 16
VisualStudioVersion = 16.0.30503.244
MinimumVisualStudioVersion = 10.0.40219.1
Project("{9A19103F-16F7-4668-BE54-9A1E7A4F7556}") = "CW_Week3", "CW_Week3\CW_Week3.csproj", "{AFFFC28B-7B64-42D7-BF3E-27E37AF4C1D9}"
EndProject
Project("{FAE04EC0-301F-11D3-BF4B-00C04F79EFBC}") = "Pencil", "Pencil\Pencil.csproj", "{2A71BC02-A4C5-4D1F-B840-13CE424C6A4B}"
EndProject
Global
	GlobalSection(SolutionConfigurationPlatforms) = preSolution
		Debug|Any CPU = Debug|Any CPU
		Release|Any CPU = Release|Any CPU
	EndGlobalSection
	GlobalSection(ProjectConfigurationPlatforms) = postSolution
		{AFFFC28B-7B64-42D7-BF3E-27E37AF4C1D9}.Debug|Any CPU.ActiveCfg = Debug|Any CPU
		{AFFFC28B-7B64-42D7-BF3E-27E37AF4C1D9}.Debug|Any CPU.Build.0 = Debug|Any CPU
		{AFFFC28B-7B64-42D7-BF3E-27E37AF4C1D9}.Release|Any CPU.ActiveCfg = Release|Any CPU
		{AFFFC28B-7B64-42D7-BF3E-27E37AF4C1D9}.Release|Any CPU.Build.0 = Release|Any CPU
		{2A71BC02-A4C5-4D1F-B840-13CE424C6A4B}.Debug|Any CPU.ActiveCfg = Debug|Any CPU
		{2A71BC02-A4C5-4D1F-B840-13CE424C6A4B}.Debug|Any CPU.Build.0 = Debug|Any CPU
		{2A71BC02-A4C5-4D1F-B840-13CE424C6A4B}.Release|Any CPU.ActiveCfg = Release|Any CPU
		{2A71BC02-A4C5-4D1F-B840-13CE424C6A4B}.Release|Any CPU.Build.0 = Release|Any CPU
	EndGlobalSection
	GlobalSection(SolutionProperties) = preSolution
		HideSolutionNode = FALSE
	EndGlobalSection
	GlobalSection(ExtensibilityGlobals) = postSolution
		SolutionGuid = {CFFC1495-1AE1-42CC-A03D-99AB3834395F}
	EndGlobalSection
EndGlobal
